
Microsoft Visual Studio Solution File, Format Version 12.00
# Visual Studio Version 16
VisualStudioVersion = 25.0.1706.1
MinimumVisualStudioVersion = 10.0.40219.1
Project("{FAE04EC0-301F-11D3-BF4B-00C04F79EFBC}") = "Abstract", "Abstract\Abstract.csproj", "{65D896E3-94E6-4B79-BFA9-AAF98C74F255}"
EndProject
Project("{FAE04EC0-301F-11D3-BF4B-00C04F79EFBC}") = "Encapsulation", "Encapsulation\Encapsulation.csproj", "{CA367F73-F928-4578-B283-844C0376B1C3}"
EndProject
Global
	GlobalSection(SolutionConfigurationPlatforms) = preSolution
		Debug|Any CPU = Debug|Any CPU
		Release|Any CPU = Release|Any CPU
	EndGlobalSection
	GlobalSection(ProjectConfigurationPlatforms) = postSolution
		{65D896E3-94E6-4B79-BFA9-AAF98C74F255}.Debug|Any CPU.ActiveCfg = Debug|Any CPU
		{65D896E3-94E6-4B79-BFA9-AAF98C74F255}.Debug|Any CPU.Build.0 = Debug|Any CPU
		{65D896E3-94E6-4B79-BFA9-AAF98C74F255}.Release|Any CPU.ActiveCfg = Release|Any CPU
		{65D896E3-94E6-4B79-BFA9-AAF98C74F255}.Release|Any CPU.Build.0 = Release|Any CPU
		{CA367F73-F928-4578-B283-844C0376B1C3}.Debug|Any CPU.ActiveCfg = Debug|Any CPU
		{CA367F73-F928-4578-B283-844C0376B1C3}.Debug|Any CPU.Build.0 = Debug|Any CPU
		{CA367F73-F928-4578-B283-844C0376B1C3}.Release|Any CPU.ActiveCfg = Release|Any CPU
		{CA367F73-F928-4578-B283-844C0376B1C3}.Release|Any CPU.Build.0 = Release|Any CPU
	EndGlobalSection
	GlobalSection(SolutionProperties) = preSolution
		HideSolutionNode = FALSE
	EndGlobalSection
	GlobalSection(ExtensibilityGlobals) = postSolution
		SolutionGuid = {E260B29F-97A3-40E0-89E4-56AEBFCCD98D}
	EndGlobalSection
EndGlobal
